
Microsoft Visual Studio Solution File, Format Version 12.00
# Visual Studio Version 17
VisualStudioVersion = 17.8.34408.163
MinimumVisualStudioVersion = 10.0.40219.1
Project("{9A19103F-16F7-4668-BE54-9A1E7A4F7556}") = "QuickSort", "SortingAlgorithms\QuickSort\QuickSort.csproj", "{65890459-C9B3-4BD7-8923-5CF8B9939C9F}"
EndProject
Project("{9A19103F-16F7-4668-BE54-9A1E7A4F7556}") = "MergeSort", "SortingAlgorithms\MergeSort\MergeSort.csproj", "{3C87A868-B3AC-4164-BA3C-7FF37FFFE4CF}"
EndProject
Project("{9A19103F-16F7-4668-BE54-9A1E7A4F7556}") = "MyArrayList", "Lists\MyArrayList\MyArrayList.csproj", "{CE8E1BB5-7860-4526-8E5F-DA5996F5F36E}"
EndProject
Project("{9A19103F-16F7-4668-BE54-9A1E7A4F7556}") = "DoublyLinkedListV1.0", "Lists\DoublyLinkedList\DoublyLinkedListV1.0.csproj", "{69FEE3D8-7661-468C-8A94-7CFB4F690456}"
EndProject
Project("{FAE04EC0-301F-11D3-BF4B-00C04F79EFBC}") = "DoublyLinkedListV2.0", "Lists\DoublyLinkedListV2.0\DoublyLinkedListV2.0.csproj", "{93701206-46C7-46C4-ADFA-2C55C5356E14}"
EndProject
Global
	GlobalSection(SolutionConfigurationPlatforms) = preSolution
		Debug|Any CPU = Debug|Any CPU
		Release|Any CPU = Release|Any CPU
	EndGlobalSection
	GlobalSection(ProjectConfigurationPlatforms) = postSolution
		{65890459-C9B3-4BD7-8923-5CF8B9939C9F}.Debug|Any CPU.ActiveCfg = Debug|Any CPU
		{65890459-C9B3-4BD7-8923-5CF8B9939C9F}.Debug|Any CPU.Build.0 = Debug|Any CPU
		{65890459-C9B3-4BD7-8923-5CF8B9939C9F}.Release|Any CPU.ActiveCfg = Release|Any CPU
		{65890459-C9B3-4BD7-8923-5CF8B9939C9F}.Release|Any CPU.Build.0 = Release|Any CPU
		{3C87A868-B3AC-4164-BA3C-7FF37FFFE4CF}.Debug|Any CPU.ActiveCfg = Debug|Any CPU
		{3C87A868-B3AC-4164-BA3C-7FF37FFFE4CF}.Debug|Any CPU.Build.0 = Debug|Any CPU
		{3C87A868-B3AC-4164-BA3C-7FF37FFFE4CF}.Release|Any CPU.ActiveCfg = Release|Any CPU
		{3C87A868-B3AC-4164-BA3C-7FF37FFFE4CF}.Release|Any CPU.Build.0 = Release|Any CPU
		{CE8E1BB5-7860-4526-8E5F-DA5996F5F36E}.Debug|Any CPU.ActiveCfg = Debug|Any CPU
		{CE8E1BB5-7860-4526-8E5F-DA5996F5F36E}.Debug|Any CPU.Build.0 = Debug|Any CPU
		{CE8E1BB5-7860-4526-8E5F-DA5996F5F36E}.Release|Any CPU.ActiveCfg = Release|Any CPU
		{CE8E1BB5-7860-4526-8E5F-DA5996F5F36E}.Release|Any CPU.Build.0 = Release|Any CPU
		{69FEE3D8-7661-468C-8A94-7CFB4F690456}.Debug|Any CPU.ActiveCfg = Debug|Any CPU
		{69FEE3D8-7661-468C-8A94-7CFB4F690456}.Debug|Any CPU.Build.0 = Debug|Any CPU
		{69FEE3D8-7661-468C-8A94-7CFB4F690456}.Release|Any CPU.ActiveCfg = Release|Any CPU
		{69FEE3D8-7661-468C-8A94-7CFB4F690456}.Release|Any CPU.Build.0 = Release|Any CPU
		{93701206-46C7-46C4-ADFA-2C55C5356E14}.Debug|Any CPU.ActiveCfg = Debug|Any CPU
		{93701206-46C7-46C4-ADFA-2C55C5356E14}.Debug|Any CPU.Build.0 = Debug|Any CPU
		{93701206-46C7-46C4-ADFA-2C55C5356E14}.Release|Any CPU.ActiveCfg = Release|Any CPU
		{93701206-46C7-46C4-ADFA-2C55C5356E14}.Release|Any CPU.Build.0 = Release|Any CPU
	EndGlobalSection
	GlobalSection(SolutionProperties) = preSolution
		HideSolutionNode = FALSE
	EndGlobalSection
	GlobalSection(ExtensibilityGlobals) = postSolution
		SolutionGuid = {D81CC89B-EE26-48AF-8D0C-8F93D2F4CA4F}
	EndGlobalSection
EndGlobal
